
Microsoft Visual Studio Solution File, Format Version 12.00
# Visual Studio 14
VisualStudioVersion = 14.0.25123.0
MinimumVisualStudioVersion = 10.0.40219.1
Project("{FAE04EC0-301F-11D3-BF4B-00C04F79EFBC}") = "PRIMERACLASE", "PRIMERACLASE\PRIMERACLASE.csproj", "{556760A1-F905-4C79-94DE-5BFF713C5645}"
EndProject
Project("{FAE04EC0-301F-11D3-BF4B-00C04F79EFBC}") = "CIRCLE", "CIRCLE\CIRCLE.csproj", "{411F9DC3-1823-45C5-A25E-4654A4BCAE4D}"
EndProject
Project("{FAE04EC0-301F-11D3-BF4B-00C04F79EFBC}") = "TELEVISION", "TELEVISION\TELEVISION.csproj", "{6A1AF70E-FE18-47EE-807E-A837B2F198EB}"
EndProject
Project("{FAE04EC0-301F-11D3-BF4B-00C04F79EFBC}") = "Planet", "Planet\Planet.csproj", "{995EDFE2-B9CF-4156-88FA-2ED15A5C4634}"
EndProject
Project("{FAE04EC0-301F-11D3-BF4B-00C04F79EFBC}") = "Computer", "Computer\Computer.csproj", "{921FE5E3-37CD-4575-A306-2E90EEA5974B}"
EndProject
Project("{FAE04EC0-301F-11D3-BF4B-00C04F79EFBC}") = "calculator", "calculator\calculator.csproj", "{AB9D9A84-6588-4FF1-89E7-90523507855B}"
EndProject
Global
	GlobalSection(SolutionConfigurationPlatforms) = preSolution
		Debug|Any CPU = Debug|Any CPU
		Release|Any CPU = Release|Any CPU
	EndGlobalSection
	GlobalSection(ProjectConfigurationPlatforms) = postSolution
		{556760A1-F905-4C79-94DE-5BFF713C5645}.Debug|Any CPU.ActiveCfg = Debug|Any CPU
		{556760A1-F905-4C79-94DE-5BFF713C5645}.Debug|Any CPU.Build.0 = Debug|Any CPU
		{556760A1-F905-4C79-94DE-5BFF713C5645}.Release|Any CPU.ActiveCfg = Release|Any CPU
		{556760A1-F905-4C79-94DE-5BFF713C5645}.Release|Any CPU.Build.0 = Release|Any CPU
		{411F9DC3-1823-45C5-A25E-4654A4BCAE4D}.Debug|Any CPU.ActiveCfg = Debug|Any CPU
		{411F9DC3-1823-45C5-A25E-4654A4BCAE4D}.Debug|Any CPU.Build.0 = Debug|Any CPU
		{411F9DC3-1823-45C5-A25E-4654A4BCAE4D}.Release|Any CPU.ActiveCfg = Release|Any CPU
		{411F9DC3-1823-45C5-A25E-4654A4BCAE4D}.Release|Any CPU.Build.0 = Release|Any CPU
		{6A1AF70E-FE18-47EE-807E-A837B2F198EB}.Debug|Any CPU.ActiveCfg = Debug|Any CPU
		{6A1AF70E-FE18-47EE-807E-A837B2F198EB}.Debug|Any CPU.Build.0 = Debug|Any CPU
		{6A1AF70E-FE18-47EE-807E-A837B2F198EB}.Release|Any CPU.ActiveCfg = Release|Any CPU
		{6A1AF70E-FE18-47EE-807E-A837B2F198EB}.Release|Any CPU.Build.0 = Release|Any CPU
		{995EDFE2-B9CF-4156-88FA-2ED15A5C4634}.Debug|Any CPU.ActiveCfg = Debug|Any CPU
		{995EDFE2-B9CF-4156-88FA-2ED15A5C4634}.Debug|Any CPU.Build.0 = Debug|Any CPU
		{995EDFE2-B9CF-4156-88FA-2ED15A5C4634}.Release|Any CPU.ActiveCfg = Release|Any CPU
		{995EDFE2-B9CF-4156-88FA-2ED15A5C4634}.Release|Any CPU.Build.0 = Release|Any CPU
		{921FE5E3-37CD-4575-A306-2E90EEA5974B}.Debug|Any CPU.ActiveCfg = Debug|Any CPU
		{921FE5E3-37CD-4575-A306-2E90EEA5974B}.Debug|Any CPU.Build.0 = Debug|Any CPU
		{921FE5E3-37CD-4575-A306-2E90EEA5974B}.Release|Any CPU.ActiveCfg = Release|Any CPU
		{921FE5E3-37CD-4575-A306-2E90EEA5974B}.Release|Any CPU.Build.0 = Release|Any CPU
		{AB9D9A84-6588-4FF1-89E7-90523507855B}.Debug|Any CPU.ActiveCfg = Debug|Any CPU
		{AB9D9A84-6588-4FF1-89E7-90523507855B}.Debug|Any CPU.Build.0 = Debug|Any CPU
		{AB9D9A84-6588-4FF1-89E7-90523507855B}.Release|Any CPU.ActiveCfg = Release|Any CPU
		{AB9D9A84-6588-4FF1-89E7-90523507855B}.Release|Any CPU.Build.0 = Release|Any CPU
	EndGlobalSection
	GlobalSection(SolutionProperties) = preSolution
		HideSolutionNode = FALSE
	EndGlobalSection
EndGlobal
